<?xml version="1.0" encoding="utf-8"?>
<Project ToolsVersion="4.0" xmlns="http://schemas.microsoft.com/developer/msbuild/2003">
  <ItemGroup>
    <ClCompile Include="BackGround.cpp">
      <Filter>Global</Filter>
    </ClCompile>
    <ClCompile Include="BaseCharacter.cpp">
      <Filter>Actor\Unit</Filter>
    </ClCompile>
    <ClCompile Include="BaseCharacter_State.cpp">
      <Filter>Actor\Unit</Filter>
    </ClCompile>
    <ClCompile Include="Bazzi.cpp">
      <Filter>Actor\Unit</Filter>
    </ClCompile>
    <ClCompile Include="ContentLevel.cpp">
      <Filter>Core</Filter>
    </ClCompile>
    <ClCompile Include="CrazyArcadeCore.cpp">
      <Filter>Core</Filter>
    </ClCompile>
    <ClCompile Include="GlobalUtils.cpp">
      <Filter>Global</Filter>
    </ClCompile>
    <ClCompile Include="Dao.cpp">
      <Filter>Actor\Unit</Filter>
    </ClCompile>
    <ClCompile Include="TileSelect.cpp">
      <Filter>Global</Filter>
    </ClCompile>
    <ClCompile Include="MapEditor.cpp">
      <Filter>Level</Filter>
    </ClCompile>
    <ClCompile Include="PlayLevel.cpp">
      <Filter>Level</Filter>
    </ClCompile>
    <ClCompile Include="RoomLevel.cpp">
      <Filter>Level</Filter>
    </ClCompile>
    <ClCompile Include="TestStage.cpp">
      <Filter>Level</Filter>
    </ClCompile>
    <ClCompile Include="TitleLevel.cpp">
      <Filter>Level</Filter>
    </ClCompile>
    <ClCompile Include="GameMapInfo.cpp">
      <Filter>Global</Filter>
    </ClCompile>
    <ClCompile Include="GlobalValue.cpp">
      <Filter>Global</Filter>
    </ClCompile>
    <ClCompile Include="Button.cpp">
      <Filter>Actor\UI</Filter>
    </ClCompile>
    <ClCompile Include="MapSelectWindow.cpp">
      <Filter>Actor\UI\WindowUI</Filter>
    </ClCompile>
    <ClCompile Include="WindowPanelUI.cpp">
      <Filter>Actor\UI\WindowUI</Filter>
    </ClCompile>
  </ItemGroup>
  <ItemGroup>
    <ClInclude Include="ActorEnum.h">
      <Filter>Actor</Filter>
    </ClInclude>
    <ClInclude Include="BackGround.h">
      <Filter>Global</Filter>
    </ClInclude>
    <ClInclude Include="Bazzi.h">
      <Filter>Actor\Unit</Filter>
    </ClInclude>
    <ClInclude Include="BaseCharacter.h">
      <Filter>Actor\Unit</Filter>
    </ClInclude>
    <ClInclude Include="ContentsEnum.h">
      <Filter>Core</Filter>
    </ClInclude>
    <ClInclude Include="ContentLevel.h">
      <Filter>Core</Filter>
    </ClInclude>
    <ClInclude Include="CrazyArcadeCore.h">
      <Filter>Core</Filter>
    </ClInclude>
    <ClInclude Include="GlobalUtils.h">
      <Filter>Global</Filter>
    </ClInclude>
    <ClInclude Include="Dao.h">
      <Filter>Actor\Unit</Filter>
    </ClInclude>
    <ClInclude Include="TileSelect.h">
      <Filter>Global</Filter>
    </ClInclude>
    <ClInclude Include="TitleLevel.h">
      <Filter>Level</Filter>
    </ClInclude>
    <ClInclude Include="MapEditor.h">
      <Filter>Level</Filter>
    </ClInclude>
    <ClInclude Include="PlayLevel.h">
      <Filter>Level</Filter>
    </ClInclude>
    <ClInclude Include="RoomLevel.h">
      <Filter>Level</Filter>
    </ClInclude>
    <ClInclude Include="TestStage.h">
      <Filter>Level</Filter>
    </ClInclude>
    <ClInclude Include="GlobalValue.h">
      <Filter>Global</Filter>
    </ClInclude>
    <ClInclude Include="GameMapInfo.h">
      <Filter>Global</Filter>
    </ClInclude>
    <ClInclude Include="Button.h">
      <Filter>Actor\UI</Filter>
    </ClInclude>
    <ClInclude Include="WindowPanelUI.h">
      <Filter>Actor\UI\WindowUI</Filter>
    </ClInclude>
    <ClInclude Include="MapSelectWindow.h">
      <Filter>Actor\UI\WindowUI</Filter>
    </ClInclude>
  </ItemGroup>
  <ItemGroup>
    <Filter Include="Actor">
      <UniqueIdentifier>{5c4aa8f1-0e69-4782-92cb-2eeda3daca24}</UniqueIdentifier>
    </Filter>
    <Filter Include="Level">
      <UniqueIdentifier>{cce17619-ae59-4a6c-bbf9-4cfb513e42fb}</UniqueIdentifier>
    </Filter>
    <Filter Include="Core">
      <UniqueIdentifier>{f4bcfacf-a7ff-41a5-9e42-b68af51f33e8}</UniqueIdentifier>
    </Filter>
    <Filter Include="Global">
      <UniqueIdentifier>{c58ae5ca-af52-4c69-b5da-90454fc9eef5}</UniqueIdentifier>
    </Filter>
    <Filter Include="Actor\Unit">
      <UniqueIdentifier>{5aee864e-dbbd-4489-98ec-0b77bc0f6a52}</UniqueIdentifier>
    </Filter>
    <Filter Include="Actor\UI">
      <UniqueIdentifier>{c8e13808-e4f1-4bc3-b759-e5a44b1aa08b}</UniqueIdentifier>
    </Filter>
    <Filter Include="Actor\UI\WindowUI">
      <UniqueIdentifier>{478b87b6-80d2-445e-ae3c-9963ab3fce41}</UniqueIdentifier>
    </Filter>
  </ItemGroup>
</Project>