<?xml version="1.0" encoding="utf-8"?>
<Project ToolsVersion="4.0" xmlns="http://schemas.microsoft.com/developer/msbuild/2003">
  <ItemGroup>
    <ClInclude Include="ContentLevel.h">
      <Filter>Core</Filter>
    </ClInclude>
    <ClInclude Include="CrazyArcadeCore.h">
      <Filter>Core</Filter>
    </ClInclude>
    <ClInclude Include="BackGround.h">
      <Filter>Global</Filter>
    </ClInclude>
    <ClInclude Include="ContentsEnum.h">
      <Filter>Global</Filter>
    </ClInclude>
    <ClInclude Include="TitleLevel.h">
      <Filter>Level\TitleLevel</Filter>
    </ClInclude>
    <ClInclude Include="GlobalValue.h">
      <Filter>Global</Filter>
    </ClInclude>
    <ClInclude Include="MapEditor.h">
      <Filter>Level\MapEditor</Filter>
    </ClInclude>
    <ClInclude Include="GameMapInfo.h">
      <Filter>Global</Filter>
    </ClInclude>
    <ClInclude Include="GlobalUtils.h">
      <Filter>Global</Filter>
    </ClInclude>
    <ClInclude Include="Structure.h">
      <Filter>Global\TileObject</Filter>
    </ClInclude>
    <ClInclude Include="Button.h" />
    <ClInclude Include="RoomLevel.h">
      <Filter>RoomLevel</Filter>
    </ClInclude>
    <ClInclude Include="PlayLevel.h">
      <Filter>Global</Filter>
    </ClInclude>
    <ClInclude Include="TileSelect.h" />
    <ClInclude Include="ActorEnum.h">
      <Filter>Character</Filter>
    </ClInclude>
    <ClInclude Include="BaseCharacter.h">
      <Filter>Character</Filter>
    </ClInclude>
    <ClInclude Include="Bazzi.h">
      <Filter>Character\Bazzi</Filter>
    </ClInclude>
    <ClInclude Include="Dao.h">
      <Filter>Character\Dao</Filter>
    </ClInclude>
    <ClInclude Include="TestStage.h">
      <Filter>Level\PlayLevel</Filter>
    </ClInclude>
  </ItemGroup>
  <ItemGroup>
    <ClCompile Include="ContentLevel.cpp">
      <Filter>Core</Filter>
    </ClCompile>
    <ClCompile Include="CrazyArcadeCore.cpp">
      <Filter>Core</Filter>
    </ClCompile>
    <ClCompile Include="BackGround.cpp">
      <Filter>Global</Filter>
    </ClCompile>
    <ClCompile Include="TitleLevel.cpp">
      <Filter>Level\TitleLevel</Filter>
    </ClCompile>
    <ClCompile Include="GlobalValue.cpp">
      <Filter>Global</Filter>
    </ClCompile>
    <ClCompile Include="MapEditor.cpp">
      <Filter>Level\MapEditor</Filter>
    </ClCompile>
    <ClCompile Include="GameMapInfo.cpp">
      <Filter>Global</Filter>
    </ClCompile>
    <ClCompile Include="GlobalUtils.cpp">
      <Filter>Global</Filter>
    </ClCompile>
    <ClCompile Include="PlayLevel.cpp">
    <ClCompile Include="GlobalUtils.cpp">
      <Filter>Global</Filter>
    </ClCompile>
    <ClCompile Include="Structure.cpp">
      <Filter>Global\TileObject</Filter>
    </ClCompile>
    <ClCompile Include="Button.cpp" />
    <ClCompile Include="RoomLevel.cpp">
      <Filter>RoomLevel</Filter>
    </ClCompile>
    <ClCompile Include="TileSelect.cpp" />
    <ClCompile Include="BaseCharacter_State.cpp">
      <Filter>Character</Filter>
    </ClCompile>
    <ClCompile Include="BaseCharacter.cpp">
      <Filter>Character</Filter>
    </ClCompile>
    <ClCompile Include="Bazzi.cpp">
      <Filter>Character\Bazzi</Filter>
    </ClCompile>
    <ClCompile Include="Dao.cpp">
      <Filter>Character\Dao</Filter>
    </ClCompile>
    <ClCompile Include="TestStage.cpp">
      <Filter>Level\PlayLevel</Filter>
    </ClCompile>
  </ItemGroup>
  <ItemGroup>
    <Filter Include="Core">
      <UniqueIdentifier>{149932c1-079f-4cc3-97ea-804c1125bbb2}</UniqueIdentifier>
    </Filter>
    <Filter Include="Global">
      <UniqueIdentifier>{7e4f451d-1bf4-4808-88e1-7459cfa6f52e}</UniqueIdentifier>
    </Filter>
    <Filter Include="Level">
      <UniqueIdentifier>{26694dd3-4428-49c0-a7c0-8923cf9fca62}</UniqueIdentifier>
    </Filter>
    <Filter Include="Level\PlayLevel">
      <UniqueIdentifier>{932d9db1-26f7-4bf3-9496-c5d8515b9db5}</UniqueIdentifier>
    </Filter>
    <Filter Include="Level\TitleLevel">
      <UniqueIdentifier>{d8ed522f-ee55-4c87-be18-92d1973b9cb2}</UniqueIdentifier>
    </Filter>
    <Filter Include="Level\MapEditor">
      <UniqueIdentifier>{cb76d764-55d3-4e7d-8893-eabf4da216bd}</UniqueIdentifier>
    </Filter>
    <Filter Include="Character">
      <UniqueIdentifier>{7a469c0c-f192-416f-87eb-3fa211710ac8}</UniqueIdentifier>
    </Filter>
    <Filter Include="Character\Dao">
      <UniqueIdentifier>{b01d0c10-7c0c-4956-90ca-7f58253af283}</UniqueIdentifier>
    </Filter>
    <Filter Include="Character\Bazzi">
      <UniqueIdentifier>{d9e174c7-5ec2-46fc-9c97-02c45b379815}</UniqueIdentifier>
    </Filter>
    <Filter Include="RoomLevel">
      <UniqueIdentifier>{1faecb3f-a80a-4ae1-9a70-4b070efd2234}</UniqueIdentifier>
    </Filter>
  </ItemGroup>
</Project>