<?xml version="1.0" encoding="utf-8"?>
<Project ToolsVersion="4.0" xmlns="http://schemas.microsoft.com/developer/msbuild/2003">
  <ItemGroup>
    <ClCompile Include="BackGround.cpp" />
    <ClCompile Include="Button.cpp" />
    <ClCompile Include="BaseCharacter.cpp" />
    <ClCompile Include="BaseCharacter_State.cpp" />
    <ClCompile Include="Bazzi.cpp" />
    <ClCompile Include="ContentLevel.cpp" />
    <ClCompile Include="CrazyArcadeCore.cpp" />
    <ClCompile Include="GameMapInfo.cpp" />
    <ClCompile Include="GlobalUtils.cpp" />
    <ClCompile Include="Dao.cpp" />
    <ClCompile Include="GlobalValue.cpp" />
    <ClCompile Include="MapEditor.cpp" />
    <ClCompile Include="PlayLevel.cpp" />
    <ClCompile Include="RoomLevel.cpp" />
    <ClCompile Include="TileSelect.cpp" />
    <ClCompile Include="TitleLevel.cpp" />
    <ClCompile Include="TestStage.cpp" />
  </ItemGroup>
  <ItemGroup>
    <ClInclude Include="ActorEnum.h" />
    <ClInclude Include="BackGround.h" />
    <ClInclude Include="BaseCharacter.h" />
    <ClInclude Include="Bazzi.h" />
    <ClInclude Include="Button.h" />
    <ClInclude Include="ContentLevel.h" />
    <ClInclude Include="ContentsEnum.h" />
    <ClInclude Include="CrazyArcadeCore.h" />
    <ClInclude Include="GameMapInfo.h" />
    <ClInclude Include="GlobalUtils.h" />
    <ClInclude Include="Dao.h" />
    <ClInclude Include="GlobalValue.h" />
    <ClInclude Include="MapEditor.h" />
    <ClInclude Include="PlayLevel.h" />
    <ClInclude Include="RoomLevel.h" />
    <ClInclude Include="TileSelect.h" />
    <ClInclude Include="TitleLevel.h" />
    <ClInclude Include="TestStage.h" />
  </ItemGroup>
</Project>